
Microsoft Visual Studio Solution File, Format Version 12.00
# Visual Studio Version 17
VisualStudioVersion = 17.11.35222.181
MinimumVisualStudioVersion = 10.0.40219.1
Project("{FAE04EC0-301F-11D3-BF4B-00C04F79EFBC}") = "Ortiz_J_Proyecto_POO", "Ortiz_J_Proyecto_POO.csproj", "{2753D36B-8546-4021-8C01-8C94C107D79D}"
EndProject
Global
	GlobalSection(SolutionConfigurationPlatforms) = preSolution
		Debug|Any CPU = Debug|Any CPU
		Release|Any CPU = Release|Any CPU
	EndGlobalSection
	GlobalSection(ProjectConfigurationPlatforms) = postSolution
		{2753D36B-8546-4021-8C01-8C94C107D79D}.Debug|Any CPU.ActiveCfg = Debug|Any CPU
		{2753D36B-8546-4021-8C01-8C94C107D79D}.Debug|Any CPU.Build.0 = Debug|Any CPU
		{2753D36B-8546-4021-8C01-8C94C107D79D}.Release|Any CPU.ActiveCfg = Release|Any CPU
		{2753D36B-8546-4021-8C01-8C94C107D79D}.Release|Any CPU.Build.0 = Release|Any CPU
	EndGlobalSection
	GlobalSection(SolutionProperties) = preSolution
		HideSolutionNode = FALSE
	EndGlobalSection
	GlobalSection(ExtensibilityGlobals) = postSolution
		SolutionGuid = {4912627D-F8E1-4F51-B74C-52596041D1F1}
	EndGlobalSection
EndGlobal
